
Microsoft Visual Studio Solution File, Format Version 12.00
# Visual Studio Version 16
VisualStudioVersion = 16.0.29306.81
MinimumVisualStudioVersion = 10.0.40219.1
Project("{FAE04EC0-301F-11D3-BF4B-00C04F79EFBC}") = "IntroduccionXaml.UWP", "IntroduccionXaml\IntroduccionXaml.UWP\IntroduccionXaml.UWP.csproj", "{FD8A7290-C374-459F-919E-F5E8BDB5BF03}"
EndProject
Project("{FAE04EC0-301F-11D3-BF4B-00C04F79EFBC}") = "IntroduccionXaml.Android", "IntroduccionXaml\IntroduccionXaml.Android\IntroduccionXaml.Android.csproj", "{3835700B-921C-473E-AB7E-D3419D4027FD}"
EndProject
Project("{FAE04EC0-301F-11D3-BF4B-00C04F79EFBC}") = "IntroduccionXaml.iOS", "IntroduccionXaml\IntroduccionXaml.iOS\IntroduccionXaml.iOS.csproj", "{140335C5-BF65-49A6-A5ED-653CB0C169C7}"
EndProject
Project("{9A19103F-16F7-4668-BE54-9A1E7A4F7556}") = "IntroduccionXaml", "IntroduccionXaml\IntroduccionXaml\IntroduccionXaml.csproj", "{ADC1A5D1-44FB-4EE1-992E-3A6C483B367C}"
EndProject
Project("{2150E333-8FDC-42A3-9474-1A3956D46DE8}") = "src", "src", "{490C69DA-67D3-4F8E-BC43-4BEBE8BB44C5}"
EndProject
Project("{2150E333-8FDC-42A3-9474-1A3956D46DE8}") = "Pages", "Pages", "{069A0D59-011F-4ED8-BC66-89A58F704424}"
EndProject
Project("{2150E333-8FDC-42A3-9474-1A3956D46DE8}") = "TareaPages", "TareaPages", "{798F85D0-ACB8-492D-8172-71BCDCE59EC6}"
EndProject
Project("{FAE04EC0-301F-11D3-BF4B-00C04F79EFBC}") = "DiplomadoShop.Android", "DiplomadoShop\DiplomadoShop.Android\DiplomadoShop.Android.csproj", "{A1EAB76E-7508-401A-A606-84C84D45C984}"
EndProject
Project("{FAE04EC0-301F-11D3-BF4B-00C04F79EFBC}") = "DiplomadoShop.iOS", "DiplomadoShop\DiplomadoShop.iOS\DiplomadoShop.iOS.csproj", "{71BE7EC9-7B67-454A-B07D-9A34AB25CBFC}"
EndProject
Project("{9A19103F-16F7-4668-BE54-9A1E7A4F7556}") = "DiplomadoShop", "DiplomadoShop\DiplomadoShop\DiplomadoShop.csproj", "{D8451E45-7EA5-4760-BBA8-4A414BF2EA9D}"
EndProject
Project("{2150E333-8FDC-42A3-9474-1A3956D46DE8}") = "Layouts", "Layouts", "{54E11C50-E62D-422A-B316-CAC07860CBD7}"
EndProject
Project("{FAE04EC0-301F-11D3-BF4B-00C04F79EFBC}") = "LayoutsDiplomado.Android", "LayoutsDiplomado\LayoutsDiplomado.Android\LayoutsDiplomado.Android.csproj", "{BA6002A5-0172-4E1E-87B0-499CCE239DBF}"
EndProject
Project("{FAE04EC0-301F-11D3-BF4B-00C04F79EFBC}") = "LayoutsDiplomado.iOS", "LayoutsDiplomado\LayoutsDiplomado.iOS\LayoutsDiplomado.iOS.csproj", "{DD3E7801-8382-4641-AC0C-26CF21991742}"
EndProject
Project("{FAE04EC0-301F-11D3-BF4B-00C04F79EFBC}") = "LayoutsDiplomado", "LayoutsDiplomado\LayoutsDiplomado\LayoutsDiplomado.csproj", "{C2E29C8C-8F2C-45C6-A5C9-4A4F8281CB8E}"
EndProject
Global
	GlobalSection(SolutionConfigurationPlatforms) = preSolution
		Debug|Any CPU = Debug|Any CPU
		Debug|ARM = Debug|ARM
		Debug|iPhone = Debug|iPhone
		Debug|iPhoneSimulator = Debug|iPhoneSimulator
		Debug|x64 = Debug|x64
		Debug|x86 = Debug|x86
		Release|Any CPU = Release|Any CPU
		Release|ARM = Release|ARM
		Release|iPhone = Release|iPhone
		Release|iPhoneSimulator = Release|iPhoneSimulator
		Release|x64 = Release|x64
		Release|x86 = Release|x86
	EndGlobalSection
	GlobalSection(ProjectConfigurationPlatforms) = postSolution
		{FD8A7290-C374-459F-919E-F5E8BDB5BF03}.Debug|Any CPU.ActiveCfg = Debug|x86
		{FD8A7290-C374-459F-919E-F5E8BDB5BF03}.Debug|Any CPU.Build.0 = Debug|x86
		{FD8A7290-C374-459F-919E-F5E8BDB5BF03}.Debug|Any CPU.Deploy.0 = Debug|x86
		{FD8A7290-C374-459F-919E-F5E8BDB5BF03}.Debug|ARM.ActiveCfg = Debug|ARM
		{FD8A7290-C374-459F-919E-F5E8BDB5BF03}.Debug|ARM.Build.0 = Debug|ARM
		{FD8A7290-C374-459F-919E-F5E8BDB5BF03}.Debug|ARM.Deploy.0 = Debug|ARM
		{FD8A7290-C374-459F-919E-F5E8BDB5BF03}.Debug|iPhone.ActiveCfg = Debug|x86
		{FD8A7290-C374-459F-919E-F5E8BDB5BF03}.Debug|iPhone.Build.0 = Debug|x86
		{FD8A7290-C374-459F-919E-F5E8BDB5BF03}.Debug|iPhone.Deploy.0 = Debug|x86
		{FD8A7290-C374-459F-919E-F5E8BDB5BF03}.Debug|iPhoneSimulator.ActiveCfg = Debug|x86
		{FD8A7290-C374-459F-919E-F5E8BDB5BF03}.Debug|iPhoneSimulator.Build.0 = Debug|x86
		{FD8A7290-C374-459F-919E-F5E8BDB5BF03}.Debug|iPhoneSimulator.Deploy.0 = Debug|x86
		{FD8A7290-C374-459F-919E-F5E8BDB5BF03}.Debug|x64.ActiveCfg = Debug|x64
		{FD8A7290-C374-459F-919E-F5E8BDB5BF03}.Debug|x64.Build.0 = Debug|x64
		{FD8A7290-C374-459F-919E-F5E8BDB5BF03}.Debug|x64.Deploy.0 = Debug|x64
		{FD8A7290-C374-459F-919E-F5E8BDB5BF03}.Debug|x86.ActiveCfg = Debug|x86
		{FD8A7290-C374-459F-919E-F5E8BDB5BF03}.Release|Any CPU.ActiveCfg = Release|x86
		{FD8A7290-C374-459F-919E-F5E8BDB5BF03}.Release|Any CPU.Build.0 = Release|x86
		{FD8A7290-C374-459F-919E-F5E8BDB5BF03}.Release|Any CPU.Deploy.0 = Release|x86
		{FD8A7290-C374-459F-919E-F5E8BDB5BF03}.Release|ARM.ActiveCfg = Release|ARM
		{FD8A7290-C374-459F-919E-F5E8BDB5BF03}.Release|ARM.Build.0 = Release|ARM
		{FD8A7290-C374-459F-919E-F5E8BDB5BF03}.Release|ARM.Deploy.0 = Release|ARM
		{FD8A7290-C374-459F-919E-F5E8BDB5BF03}.Release|iPhone.ActiveCfg = Release|x86
		{FD8A7290-C374-459F-919E-F5E8BDB5BF03}.Release|iPhone.Build.0 = Release|x86
		{FD8A7290-C374-459F-919E-F5E8BDB5BF03}.Release|iPhone.Deploy.0 = Release|x86
		{FD8A7290-C374-459F-919E-F5E8BDB5BF03}.Release|iPhoneSimulator.ActiveCfg = Release|x86
		{FD8A7290-C374-459F-919E-F5E8BDB5BF03}.Release|iPhoneSimulator.Build.0 = Release|x86
		{FD8A7290-C374-459F-919E-F5E8BDB5BF03}.Release|iPhoneSimulator.Deploy.0 = Release|x86
		{FD8A7290-C374-459F-919E-F5E8BDB5BF03}.Release|x64.ActiveCfg = Release|x64
		{FD8A7290-C374-459F-919E-F5E8BDB5BF03}.Release|x64.Build.0 = Release|x64
		{FD8A7290-C374-459F-919E-F5E8BDB5BF03}.Release|x64.Deploy.0 = Release|x64
		{FD8A7290-C374-459F-919E-F5E8BDB5BF03}.Release|x86.ActiveCfg = Release|x86
		{FD8A7290-C374-459F-919E-F5E8BDB5BF03}.Release|x86.Build.0 = Release|x86
		{FD8A7290-C374-459F-919E-F5E8BDB5BF03}.Release|x86.Deploy.0 = Release|x86
		{3835700B-921C-473E-AB7E-D3419D4027FD}.Debug|Any CPU.ActiveCfg = Debug|Any CPU
		{3835700B-921C-473E-AB7E-D3419D4027FD}.Debug|Any CPU.Build.0 = Debug|Any CPU
		{3835700B-921C-473E-AB7E-D3419D4027FD}.Debug|Any CPU.Deploy.0 = Debug|Any CPU
		{3835700B-921C-473E-AB7E-D3419D4027FD}.Debug|ARM.ActiveCfg = Debug|Any CPU
		{3835700B-921C-473E-AB7E-D3419D4027FD}.Debug|ARM.Build.0 = Debug|Any CPU
		{3835700B-921C-473E-AB7E-D3419D4027FD}.Debug|ARM.Deploy.0 = Debug|Any CPU
		{3835700B-921C-473E-AB7E-D3419D4027FD}.Debug|iPhone.ActiveCfg = Debug|Any CPU
		{3835700B-921C-473E-AB7E-D3419D4027FD}.Debug|iPhone.Build.0 = Debug|Any CPU
		{3835700B-921C-473E-AB7E-D3419D4027FD}.Debug|iPhone.Deploy.0 = Debug|Any CPU
		{3835700B-921C-473E-AB7E-D3419D4027FD}.Debug|iPhoneSimulator.ActiveCfg = Debug|Any CPU
		{3835700B-921C-473E-AB7E-D3419D4027FD}.Debug|iPhoneSimulator.Build.0 = Debug|Any CPU
		{3835700B-921C-473E-AB7E-D3419D4027FD}.Debug|iPhoneSimulator.Deploy.0 = Debug|Any CPU
		{3835700B-921C-473E-AB7E-D3419D4027FD}.Debug|x64.ActiveCfg = Debug|Any CPU
		{3835700B-921C-473E-AB7E-D3419D4027FD}.Debug|x64.Build.0 = Debug|Any CPU
		{3835700B-921C-473E-AB7E-D3419D4027FD}.Debug|x64.Deploy.0 = Debug|Any CPU
		{3835700B-921C-473E-AB7E-D3419D4027FD}.Debug|x86.ActiveCfg = Debug|Any CPU
		{3835700B-921C-473E-AB7E-D3419D4027FD}.Debug|x86.Build.0 = Debug|Any CPU
		{3835700B-921C-473E-AB7E-D3419D4027FD}.Debug|x86.Deploy.0 = Debug|Any CPU
		{3835700B-921C-473E-AB7E-D3419D4027FD}.Release|Any CPU.ActiveCfg = Release|Any CPU
		{3835700B-921C-473E-AB7E-D3419D4027FD}.Release|Any CPU.Build.0 = Release|Any CPU
		{3835700B-921C-473E-AB7E-D3419D4027FD}.Release|Any CPU.Deploy.0 = Release|Any CPU
		{3835700B-921C-473E-AB7E-D3419D4027FD}.Release|ARM.ActiveCfg = Release|Any CPU
		{3835700B-921C-473E-AB7E-D3419D4027FD}.Release|ARM.Build.0 = Release|Any CPU
		{3835700B-921C-473E-AB7E-D3419D4027FD}.Release|ARM.Deploy.0 = Release|Any CPU
		{3835700B-921C-473E-AB7E-D3419D4027FD}.Release|iPhone.ActiveCfg = Release|Any CPU
		{3835700B-921C-473E-AB7E-D3419D4027FD}.Release|iPhone.Build.0 = Release|Any CPU
		{3835700B-921C-473E-AB7E-D3419D4027FD}.Release|iPhone.Deploy.0 = Release|Any CPU
		{3835700B-921C-473E-AB7E-D3419D4027FD}.Release|iPhoneSimulator.ActiveCfg = Release|Any CPU
		{3835700B-921C-473E-AB7E-D3419D4027FD}.Release|iPhoneSimulator.Build.0 = Release|Any CPU
		{3835700B-921C-473E-AB7E-D3419D4027FD}.Release|iPhoneSimulator.Deploy.0 = Release|Any CPU
		{3835700B-921C-473E-AB7E-D3419D4027FD}.Release|x64.ActiveCfg = Release|Any CPU
		{3835700B-921C-473E-AB7E-D3419D4027FD}.Release|x64.Build.0 = Release|Any CPU
		{3835700B-921C-473E-AB7E-D3419D4027FD}.Release|x64.Deploy.0 = Release|Any CPU
		{3835700B-921C-473E-AB7E-D3419D4027FD}.Release|x86.ActiveCfg = Release|Any CPU
		{3835700B-921C-473E-AB7E-D3419D4027FD}.Release|x86.Build.0 = Release|Any CPU
		{3835700B-921C-473E-AB7E-D3419D4027FD}.Release|x86.Deploy.0 = Release|Any CPU
		{140335C5-BF65-49A6-A5ED-653CB0C169C7}.Debug|Any CPU.ActiveCfg = Debug|iPhone
		{140335C5-BF65-49A6-A5ED-653CB0C169C7}.Debug|Any CPU.Build.0 = Debug|iPhone
		{140335C5-BF65-49A6-A5ED-653CB0C169C7}.Debug|Any CPU.Deploy.0 = Debug|iPhone
		{140335C5-BF65-49A6-A5ED-653CB0C169C7}.Debug|ARM.ActiveCfg = Debug|iPhoneSimulator
		{140335C5-BF65-49A6-A5ED-653CB0C169C7}.Debug|ARM.Build.0 = Debug|iPhoneSimulator
		{140335C5-BF65-49A6-A5ED-653CB0C169C7}.Debug|ARM.Deploy.0 = Debug|iPhoneSimulator
		{140335C5-BF65-49A6-A5ED-653CB0C169C7}.Debug|iPhone.ActiveCfg = Debug|iPhone
		{140335C5-BF65-49A6-A5ED-653CB0C169C7}.Debug|iPhone.Build.0 = Debug|iPhone
		{140335C5-BF65-49A6-A5ED-653CB0C169C7}.Debug|iPhone.Deploy.0 = Debug|iPhone
		{140335C5-BF65-49A6-A5ED-653CB0C169C7}.Debug|iPhoneSimulator.ActiveCfg = Debug|iPhoneSimulator
		{140335C5-BF65-49A6-A5ED-653CB0C169C7}.Debug|iPhoneSimulator.Build.0 = Debug|iPhoneSimulator
		{140335C5-BF65-49A6-A5ED-653CB0C169C7}.Debug|iPhoneSimulator.Deploy.0 = Debug|iPhoneSimulator
		{140335C5-BF65-49A6-A5ED-653CB0C169C7}.Debug|x64.ActiveCfg = Debug|iPhone
		{140335C5-BF65-49A6-A5ED-653CB0C169C7}.Debug|x64.Build.0 = Debug|iPhone
		{140335C5-BF65-49A6-A5ED-653CB0C169C7}.Debug|x64.Deploy.0 = Debug|iPhone
		{140335C5-BF65-49A6-A5ED-653CB0C169C7}.Debug|x86.ActiveCfg = Debug|iPhone
		{140335C5-BF65-49A6-A5ED-653CB0C169C7}.Debug|x86.Build.0 = Debug|iPhone
		{140335C5-BF65-49A6-A5ED-653CB0C169C7}.Debug|x86.Deploy.0 = Debug|iPhone
		{140335C5-BF65-49A6-A5ED-653CB0C169C7}.Release|Any CPU.ActiveCfg = Release|iPhone
		{140335C5-BF65-49A6-A5ED-653CB0C169C7}.Release|Any CPU.Build.0 = Release|iPhone
		{140335C5-BF65-49A6-A5ED-653CB0C169C7}.Release|Any CPU.Deploy.0 = Release|iPhone
		{140335C5-BF65-49A6-A5ED-653CB0C169C7}.Release|ARM.ActiveCfg = Release|iPhone
		{140335C5-BF65-49A6-A5ED-653CB0C169C7}.Release|ARM.Build.0 = Release|iPhone
		{140335C5-BF65-49A6-A5ED-653CB0C169C7}.Release|ARM.Deploy.0 = Release|iPhone
		{140335C5-BF65-49A6-A5ED-653CB0C169C7}.Release|iPhone.ActiveCfg = Release|iPhone
		{140335C5-BF65-49A6-A5ED-653CB0C169C7}.Release|iPhone.Build.0 = Release|iPhone
		{140335C5-BF65-49A6-A5ED-653CB0C169C7}.Release|iPhone.Deploy.0 = Release|iPhone
		{140335C5-BF65-49A6-A5ED-653CB0C169C7}.Release|iPhoneSimulator.ActiveCfg = Release|iPhoneSimulator
		{140335C5-BF65-49A6-A5ED-653CB0C169C7}.Release|iPhoneSimulator.Build.0 = Release|iPhoneSimulator
		{140335C5-BF65-49A6-A5ED-653CB0C169C7}.Release|iPhoneSimulator.Deploy.0 = Release|iPhoneSimulator
		{140335C5-BF65-49A6-A5ED-653CB0C169C7}.Release|x64.ActiveCfg = Release|iPhone
		{140335C5-BF65-49A6-A5ED-653CB0C169C7}.Release|x64.Build.0 = Release|iPhone
		{140335C5-BF65-49A6-A5ED-653CB0C169C7}.Release|x64.Deploy.0 = Release|iPhone
		{140335C5-BF65-49A6-A5ED-653CB0C169C7}.Release|x86.ActiveCfg = Release|iPhone
		{140335C5-BF65-49A6-A5ED-653CB0C169C7}.Release|x86.Build.0 = Release|iPhone
		{140335C5-BF65-49A6-A5ED-653CB0C169C7}.Release|x86.Deploy.0 = Release|iPhone
		{ADC1A5D1-44FB-4EE1-992E-3A6C483B367C}.Debug|Any CPU.ActiveCfg = Debug|Any CPU
		{ADC1A5D1-44FB-4EE1-992E-3A6C483B367C}.Debug|Any CPU.Build.0 = Debug|Any CPU
		{ADC1A5D1-44FB-4EE1-992E-3A6C483B367C}.Debug|Any CPU.Deploy.0 = Debug|Any CPU
		{ADC1A5D1-44FB-4EE1-992E-3A6C483B367C}.Debug|ARM.ActiveCfg = Debug|Any CPU
		{ADC1A5D1-44FB-4EE1-992E-3A6C483B367C}.Debug|ARM.Build.0 = Debug|Any CPU
		{ADC1A5D1-44FB-4EE1-992E-3A6C483B367C}.Debug|ARM.Deploy.0 = Debug|Any CPU
		{ADC1A5D1-44FB-4EE1-992E-3A6C483B367C}.Debug|iPhone.ActiveCfg = Debug|Any CPU
		{ADC1A5D1-44FB-4EE1-992E-3A6C483B367C}.Debug|iPhone.Build.0 = Debug|Any CPU
		{ADC1A5D1-44FB-4EE1-992E-3A6C483B367C}.Debug|iPhone.Deploy.0 = Debug|Any CPU
		{ADC1A5D1-44FB-4EE1-992E-3A6C483B367C}.Debug|iPhoneSimulator.ActiveCfg = Debug|Any CPU
		{ADC1A5D1-44FB-4EE1-992E-3A6C483B367C}.Debug|iPhoneSimulator.Build.0 = Debug|Any CPU
		{ADC1A5D1-44FB-4EE1-992E-3A6C483B367C}.Debug|iPhoneSimulator.Deploy.0 = Debug|Any CPU
		{ADC1A5D1-44FB-4EE1-992E-3A6C483B367C}.Debug|x64.ActiveCfg = Debug|Any CPU
		{ADC1A5D1-44FB-4EE1-992E-3A6C483B367C}.Debug|x64.Build.0 = Debug|Any CPU
		{ADC1A5D1-44FB-4EE1-992E-3A6C483B367C}.Debug|x64.Deploy.0 = Debug|Any CPU
		{ADC1A5D1-44FB-4EE1-992E-3A6C483B367C}.Debug|x86.ActiveCfg = Debug|Any CPU
		{ADC1A5D1-44FB-4EE1-992E-3A6C483B367C}.Debug|x86.Build.0 = Debug|Any CPU
		{ADC1A5D1-44FB-4EE1-992E-3A6C483B367C}.Debug|x86.Deploy.0 = Debug|Any CPU
		{ADC1A5D1-44FB-4EE1-992E-3A6C483B367C}.Release|Any CPU.ActiveCfg = Release|Any CPU
		{ADC1A5D1-44FB-4EE1-992E-3A6C483B367C}.Release|Any CPU.Build.0 = Release|Any CPU
		{ADC1A5D1-44FB-4EE1-992E-3A6C483B367C}.Release|Any CPU.Deploy.0 = Release|Any CPU
		{ADC1A5D1-44FB-4EE1-992E-3A6C483B367C}.Release|ARM.ActiveCfg = Release|Any CPU
		{ADC1A5D1-44FB-4EE1-992E-3A6C483B367C}.Release|ARM.Build.0 = Release|Any CPU
		{ADC1A5D1-44FB-4EE1-992E-3A6C483B367C}.Release|ARM.Deploy.0 = Release|Any CPU
		{ADC1A5D1-44FB-4EE1-992E-3A6C483B367C}.Release|iPhone.ActiveCfg = Release|Any CPU
		{ADC1A5D1-44FB-4EE1-992E-3A6C483B367C}.Release|iPhone.Build.0 = Release|Any CPU
		{ADC1A5D1-44FB-4EE1-992E-3A6C483B367C}.Release|iPhone.Deploy.0 = Release|Any CPU
		{ADC1A5D1-44FB-4EE1-992E-3A6C483B367C}.Release|iPhoneSimulator.ActiveCfg = Release|Any CPU
		{ADC1A5D1-44FB-4EE1-992E-3A6C483B367C}.Release|iPhoneSimulator.Build.0 = Release|Any CPU
		{ADC1A5D1-44FB-4EE1-992E-3A6C483B367C}.Release|iPhoneSimulator.Deploy.0 = Release|Any CPU
		{ADC1A5D1-44FB-4EE1-992E-3A6C483B367C}.Release|x64.ActiveCfg = Release|Any CPU
		{ADC1A5D1-44FB-4EE1-992E-3A6C483B367C}.Release|x64.Build.0 = Release|Any CPU
		{ADC1A5D1-44FB-4EE1-992E-3A6C483B367C}.Release|x64.Deploy.0 = Release|Any CPU
		{ADC1A5D1-44FB-4EE1-992E-3A6C483B367C}.Release|x86.ActiveCfg = Release|Any CPU
		{ADC1A5D1-44FB-4EE1-992E-3A6C483B367C}.Release|x86.Build.0 = Release|Any CPU
		{ADC1A5D1-44FB-4EE1-992E-3A6C483B367C}.Release|x86.Deploy.0 = Release|Any CPU
		{A1EAB76E-7508-401A-A606-84C84D45C984}.Debug|Any CPU.ActiveCfg = Debug|Any CPU
		{A1EAB76E-7508-401A-A606-84C84D45C984}.Debug|Any CPU.Build.0 = Debug|Any CPU
		{A1EAB76E-7508-401A-A606-84C84D45C984}.Debug|Any CPU.Deploy.0 = Debug|Any CPU
		{A1EAB76E-7508-401A-A606-84C84D45C984}.Debug|ARM.ActiveCfg = Debug|Any CPU
		{A1EAB76E-7508-401A-A606-84C84D45C984}.Debug|ARM.Build.0 = Debug|Any CPU
		{A1EAB76E-7508-401A-A606-84C84D45C984}.Debug|ARM.Deploy.0 = Debug|Any CPU
		{A1EAB76E-7508-401A-A606-84C84D45C984}.Debug|iPhone.ActiveCfg = Debug|Any CPU
		{A1EAB76E-7508-401A-A606-84C84D45C984}.Debug|iPhone.Build.0 = Debug|Any CPU
		{A1EAB76E-7508-401A-A606-84C84D45C984}.Debug|iPhone.Deploy.0 = Debug|Any CPU
		{A1EAB76E-7508-401A-A606-84C84D45C984}.Debug|iPhoneSimulator.ActiveCfg = Debug|Any CPU
		{A1EAB76E-7508-401A-A606-84C84D45C984}.Debug|iPhoneSimulator.Build.0 = Debug|Any CPU
		{A1EAB76E-7508-401A-A606-84C84D45C984}.Debug|iPhoneSimulator.Deploy.0 = Debug|Any CPU
		{A1EAB76E-7508-401A-A606-84C84D45C984}.Debug|x64.ActiveCfg = Debug|Any CPU
		{A1EAB76E-7508-401A-A606-84C84D45C984}.Debug|x64.Build.0 = Debug|Any CPU
		{A1EAB76E-7508-401A-A606-84C84D45C984}.Debug|x64.Deploy.0 = Debug|Any CPU
		{A1EAB76E-7508-401A-A606-84C84D45C984}.Debug|x86.ActiveCfg = Debug|Any CPU
		{A1EAB76E-7508-401A-A606-84C84D45C984}.Debug|x86.Build.0 = Debug|Any CPU
		{A1EAB76E-7508-401A-A606-84C84D45C984}.Debug|x86.Deploy.0 = Debug|Any CPU
		{A1EAB76E-7508-401A-A606-84C84D45C984}.Release|Any CPU.ActiveCfg = Release|Any CPU
		{A1EAB76E-7508-401A-A606-84C84D45C984}.Release|Any CPU.Build.0 = Release|Any CPU
		{A1EAB76E-7508-401A-A606-84C84D45C984}.Release|Any CPU.Deploy.0 = Release|Any CPU
		{A1EAB76E-7508-401A-A606-84C84D45C984}.Release|ARM.ActiveCfg = Release|Any CPU
		{A1EAB76E-7508-401A-A606-84C84D45C984}.Release|ARM.Build.0 = Release|Any CPU
		{A1EAB76E-7508-401A-A606-84C84D45C984}.Release|ARM.Deploy.0 = Release|Any CPU
		{A1EAB76E-7508-401A-A606-84C84D45C984}.Release|iPhone.ActiveCfg = Release|Any CPU
		{A1EAB76E-7508-401A-A606-84C84D45C984}.Release|iPhone.Build.0 = Release|Any CPU
		{A1EAB76E-7508-401A-A606-84C84D45C984}.Release|iPhone.Deploy.0 = Release|Any CPU
		{A1EAB76E-7508-401A-A606-84C84D45C984}.Release|iPhoneSimulator.ActiveCfg = Release|Any CPU
		{A1EAB76E-7508-401A-A606-84C84D45C984}.Release|iPhoneSimulator.Build.0 = Release|Any CPU
		{A1EAB76E-7508-401A-A606-84C84D45C984}.Release|iPhoneSimulator.Deploy.0 = Release|Any CPU
		{A1EAB76E-7508-401A-A606-84C84D45C984}.Release|x64.ActiveCfg = Release|Any CPU
		{A1EAB76E-7508-401A-A606-84C84D45C984}.Release|x64.Build.0 = Release|Any CPU
		{A1EAB76E-7508-401A-A606-84C84D45C984}.Release|x64.Deploy.0 = Release|Any CPU
		{A1EAB76E-7508-401A-A606-84C84D45C984}.Release|x86.ActiveCfg = Release|Any CPU
		{A1EAB76E-7508-401A-A606-84C84D45C984}.Release|x86.Build.0 = Release|Any CPU
		{A1EAB76E-7508-401A-A606-84C84D45C984}.Release|x86.Deploy.0 = Release|Any CPU
		{71BE7EC9-7B67-454A-B07D-9A34AB25CBFC}.Debug|Any CPU.ActiveCfg = Debug|iPhone
		{71BE7EC9-7B67-454A-B07D-9A34AB25CBFC}.Debug|ARM.ActiveCfg = Debug|iPhone
		{71BE7EC9-7B67-454A-B07D-9A34AB25CBFC}.Debug|iPhone.ActiveCfg = Debug|iPhone
		{71BE7EC9-7B67-454A-B07D-9A34AB25CBFC}.Debug|iPhone.Build.0 = Debug|iPhone
		{71BE7EC9-7B67-454A-B07D-9A34AB25CBFC}.Debug|iPhoneSimulator.ActiveCfg = Debug|iPhoneSimulator
		{71BE7EC9-7B67-454A-B07D-9A34AB25CBFC}.Debug|iPhoneSimulator.Build.0 = Debug|iPhoneSimulator
		{71BE7EC9-7B67-454A-B07D-9A34AB25CBFC}.Debug|x64.ActiveCfg = Debug|iPhone
		{71BE7EC9-7B67-454A-B07D-9A34AB25CBFC}.Debug|x86.ActiveCfg = Debug|iPhone
		{71BE7EC9-7B67-454A-B07D-9A34AB25CBFC}.Release|Any CPU.ActiveCfg = Release|iPhone
		{71BE7EC9-7B67-454A-B07D-9A34AB25CBFC}.Release|ARM.ActiveCfg = Release|iPhone
		{71BE7EC9-7B67-454A-B07D-9A34AB25CBFC}.Release|iPhone.ActiveCfg = Release|iPhone
		{71BE7EC9-7B67-454A-B07D-9A34AB25CBFC}.Release|iPhone.Build.0 = Release|iPhone
		{71BE7EC9-7B67-454A-B07D-9A34AB25CBFC}.Release|iPhoneSimulator.ActiveCfg = Release|iPhoneSimulator
		{71BE7EC9-7B67-454A-B07D-9A34AB25CBFC}.Release|iPhoneSimulator.Build.0 = Release|iPhoneSimulator
		{71BE7EC9-7B67-454A-B07D-9A34AB25CBFC}.Release|x64.ActiveCfg = Release|iPhone
		{71BE7EC9-7B67-454A-B07D-9A34AB25CBFC}.Release|x86.ActiveCfg = Release|iPhone
		{D8451E45-7EA5-4760-BBA8-4A414BF2EA9D}.Debug|Any CPU.ActiveCfg = Debug|Any CPU
		{D8451E45-7EA5-4760-BBA8-4A414BF2EA9D}.Debug|Any CPU.Build.0 = Debug|Any CPU
		{D8451E45-7EA5-4760-BBA8-4A414BF2EA9D}.Debug|ARM.ActiveCfg = Debug|Any CPU
		{D8451E45-7EA5-4760-BBA8-4A414BF2EA9D}.Debug|ARM.Build.0 = Debug|Any CPU
		{D8451E45-7EA5-4760-BBA8-4A414BF2EA9D}.Debug|iPhone.ActiveCfg = Debug|Any CPU
		{D8451E45-7EA5-4760-BBA8-4A414BF2EA9D}.Debug|iPhone.Build.0 = Debug|Any CPU
		{D8451E45-7EA5-4760-BBA8-4A414BF2EA9D}.Debug|iPhoneSimulator.ActiveCfg = Debug|Any CPU
		{D8451E45-7EA5-4760-BBA8-4A414BF2EA9D}.Debug|iPhoneSimulator.Build.0 = Debug|Any CPU
		{D8451E45-7EA5-4760-BBA8-4A414BF2EA9D}.Debug|x64.ActiveCfg = Debug|Any CPU
		{D8451E45-7EA5-4760-BBA8-4A414BF2EA9D}.Debug|x64.Build.0 = Debug|Any CPU
		{D8451E45-7EA5-4760-BBA8-4A414BF2EA9D}.Debug|x86.ActiveCfg = Debug|Any CPU
		{D8451E45-7EA5-4760-BBA8-4A414BF2EA9D}.Debug|x86.Build.0 = Debug|Any CPU
		{D8451E45-7EA5-4760-BBA8-4A414BF2EA9D}.Release|Any CPU.ActiveCfg = Release|Any CPU
		{D8451E45-7EA5-4760-BBA8-4A414BF2EA9D}.Release|Any CPU.Build.0 = Release|Any CPU
		{D8451E45-7EA5-4760-BBA8-4A414BF2EA9D}.Release|ARM.ActiveCfg = Release|Any CPU
		{D8451E45-7EA5-4760-BBA8-4A414BF2EA9D}.Release|ARM.Build.0 = Release|Any CPU
		{D8451E45-7EA5-4760-BBA8-4A414BF2EA9D}.Release|iPhone.ActiveCfg = Release|Any CPU
		{D8451E45-7EA5-4760-BBA8-4A414BF2EA9D}.Release|iPhone.Build.0 = Release|Any CPU
		{D8451E45-7EA5-4760-BBA8-4A414BF2EA9D}.Release|iPhoneSimulator.ActiveCfg = Release|Any CPU
		{D8451E45-7EA5-4760-BBA8-4A414BF2EA9D}.Release|iPhoneSimulator.Build.0 = Release|Any CPU
		{D8451E45-7EA5-4760-BBA8-4A414BF2EA9D}.Release|x64.ActiveCfg = Release|Any CPU
		{D8451E45-7EA5-4760-BBA8-4A414BF2EA9D}.Release|x64.Build.0 = Release|Any CPU
		{D8451E45-7EA5-4760-BBA8-4A414BF2EA9D}.Release|x86.ActiveCfg = Release|Any CPU
		{D8451E45-7EA5-4760-BBA8-4A414BF2EA9D}.Release|x86.Build.0 = Release|Any CPU
		{BA6002A5-0172-4E1E-87B0-499CCE239DBF}.Debug|Any CPU.ActiveCfg = Debug|Any CPU
		{BA6002A5-0172-4E1E-87B0-499CCE239DBF}.Debug|Any CPU.Build.0 = Debug|Any CPU
		{BA6002A5-0172-4E1E-87B0-499CCE239DBF}.Debug|Any CPU.Deploy.0 = Debug|Any CPU
		{BA6002A5-0172-4E1E-87B0-499CCE239DBF}.Debug|ARM.ActiveCfg = Debug|Any CPU
		{BA6002A5-0172-4E1E-87B0-499CCE239DBF}.Debug|ARM.Build.0 = Debug|Any CPU
		{BA6002A5-0172-4E1E-87B0-499CCE239DBF}.Debug|ARM.Deploy.0 = Debug|Any CPU
		{BA6002A5-0172-4E1E-87B0-499CCE239DBF}.Debug|iPhone.ActiveCfg = Debug|Any CPU
		{BA6002A5-0172-4E1E-87B0-499CCE239DBF}.Debug|iPhone.Build.0 = Debug|Any CPU
		{BA6002A5-0172-4E1E-87B0-499CCE239DBF}.Debug|iPhone.Deploy.0 = Debug|Any CPU
		{BA6002A5-0172-4E1E-87B0-499CCE239DBF}.Debug|iPhoneSimulator.ActiveCfg = Debug|Any CPU
		{BA6002A5-0172-4E1E-87B0-499CCE239DBF}.Debug|iPhoneSimulator.Build.0 = Debug|Any CPU
		{BA6002A5-0172-4E1E-87B0-499CCE239DBF}.Debug|iPhoneSimulator.Deploy.0 = Debug|Any CPU
		{BA6002A5-0172-4E1E-87B0-499CCE239DBF}.Debug|x64.ActiveCfg = Debug|Any CPU
		{BA6002A5-0172-4E1E-87B0-499CCE239DBF}.Debug|x64.Build.0 = Debug|Any CPU
		{BA6002A5-0172-4E1E-87B0-499CCE239DBF}.Debug|x64.Deploy.0 = Debug|Any CPU
		{BA6002A5-0172-4E1E-87B0-499CCE239DBF}.Debug|x86.ActiveCfg = Debug|Any CPU
		{BA6002A5-0172-4E1E-87B0-499CCE239DBF}.Debug|x86.Build.0 = Debug|Any CPU
		{BA6002A5-0172-4E1E-87B0-499CCE239DBF}.Debug|x86.Deploy.0 = Debug|Any CPU
		{BA6002A5-0172-4E1E-87B0-499CCE239DBF}.Release|Any CPU.ActiveCfg = Release|Any CPU
		{BA6002A5-0172-4E1E-87B0-499CCE239DBF}.Release|Any CPU.Build.0 = Release|Any CPU
		{BA6002A5-0172-4E1E-87B0-499CCE239DBF}.Release|Any CPU.Deploy.0 = Release|Any CPU
		{BA6002A5-0172-4E1E-87B0-499CCE239DBF}.Release|ARM.ActiveCfg = Release|Any CPU
		{BA6002A5-0172-4E1E-87B0-499CCE239DBF}.Release|ARM.Build.0 = Release|Any CPU
		{BA6002A5-0172-4E1E-87B0-499CCE239DBF}.Release|ARM.Deploy.0 = Release|Any CPU
		{BA6002A5-0172-4E1E-87B0-499CCE239DBF}.Release|iPhone.ActiveCfg = Release|Any CPU
		{BA6002A5-0172-4E1E-87B0-499CCE239DBF}.Release|iPhone.Build.0 = Release|Any CPU
		{BA6002A5-0172-4E1E-87B0-499CCE239DBF}.Release|iPhone.Deploy.0 = Release|Any CPU
		{BA6002A5-0172-4E1E-87B0-499CCE239DBF}.Release|iPhoneSimulator.ActiveCfg = Release|Any CPU
		{BA6002A5-0172-4E1E-87B0-499CCE239DBF}.Release|iPhoneSimulator.Build.0 = Release|Any CPU
		{BA6002A5-0172-4E1E-87B0-499CCE239DBF}.Release|iPhoneSimulator.Deploy.0 = Release|Any CPU
		{BA6002A5-0172-4E1E-87B0-499CCE239DBF}.Release|x64.ActiveCfg = Release|Any CPU
		{BA6002A5-0172-4E1E-87B0-499CCE239DBF}.Release|x64.Build.0 = Release|Any CPU
		{BA6002A5-0172-4E1E-87B0-499CCE239DBF}.Release|x64.Deploy.0 = Release|Any CPU
		{BA6002A5-0172-4E1E-87B0-499CCE239DBF}.Release|x86.ActiveCfg = Release|Any CPU
		{BA6002A5-0172-4E1E-87B0-499CCE239DBF}.Release|x86.Build.0 = Release|Any CPU
		{BA6002A5-0172-4E1E-87B0-499CCE239DBF}.Release|x86.Deploy.0 = Release|Any CPU
		{DD3E7801-8382-4641-AC0C-26CF21991742}.Debug|Any CPU.ActiveCfg = Debug|iPhone
		{DD3E7801-8382-4641-AC0C-26CF21991742}.Debug|ARM.ActiveCfg = Debug|iPhone
		{DD3E7801-8382-4641-AC0C-26CF21991742}.Debug|iPhone.ActiveCfg = Debug|iPhone
		{DD3E7801-8382-4641-AC0C-26CF21991742}.Debug|iPhone.Build.0 = Debug|iPhone
		{DD3E7801-8382-4641-AC0C-26CF21991742}.Debug|iPhoneSimulator.ActiveCfg = Debug|iPhoneSimulator
		{DD3E7801-8382-4641-AC0C-26CF21991742}.Debug|iPhoneSimulator.Build.0 = Debug|iPhoneSimulator
		{DD3E7801-8382-4641-AC0C-26CF21991742}.Debug|x64.ActiveCfg = Debug|iPhone
		{DD3E7801-8382-4641-AC0C-26CF21991742}.Debug|x86.ActiveCfg = Debug|iPhone
		{DD3E7801-8382-4641-AC0C-26CF21991742}.Release|Any CPU.ActiveCfg = Release|iPhone
		{DD3E7801-8382-4641-AC0C-26CF21991742}.Release|ARM.ActiveCfg = Release|iPhone
		{DD3E7801-8382-4641-AC0C-26CF21991742}.Release|iPhone.ActiveCfg = Release|iPhone
		{DD3E7801-8382-4641-AC0C-26CF21991742}.Release|iPhone.Build.0 = Release|iPhone
		{DD3E7801-8382-4641-AC0C-26CF21991742}.Release|iPhoneSimulator.ActiveCfg = Release|iPhoneSimulator
		{DD3E7801-8382-4641-AC0C-26CF21991742}.Release|iPhoneSimulator.Build.0 = Release|iPhoneSimulator
		{DD3E7801-8382-4641-AC0C-26CF21991742}.Release|x64.ActiveCfg = Release|iPhone
		{DD3E7801-8382-4641-AC0C-26CF21991742}.Release|x86.ActiveCfg = Release|iPhone
		{C2E29C8C-8F2C-45C6-A5C9-4A4F8281CB8E}.Debug|Any CPU.ActiveCfg = Debug|Any CPU
		{C2E29C8C-8F2C-45C6-A5C9-4A4F8281CB8E}.Debug|Any CPU.Build.0 = Debug|Any CPU
		{C2E29C8C-8F2C-45C6-A5C9-4A4F8281CB8E}.Debug|ARM.ActiveCfg = Debug|Any CPU
		{C2E29C8C-8F2C-45C6-A5C9-4A4F8281CB8E}.Debug|ARM.Build.0 = Debug|Any CPU
		{C2E29C8C-8F2C-45C6-A5C9-4A4F8281CB8E}.Debug|iPhone.ActiveCfg = Debug|Any CPU
		{C2E29C8C-8F2C-45C6-A5C9-4A4F8281CB8E}.Debug|iPhone.Build.0 = Debug|Any CPU
		{C2E29C8C-8F2C-45C6-A5C9-4A4F8281CB8E}.Debug|iPhoneSimulator.ActiveCfg = Debug|Any CPU
		{C2E29C8C-8F2C-45C6-A5C9-4A4F8281CB8E}.Debug|iPhoneSimulator.Build.0 = Debug|Any CPU
		{C2E29C8C-8F2C-45C6-A5C9-4A4F8281CB8E}.Debug|x64.ActiveCfg = Debug|Any CPU
		{C2E29C8C-8F2C-45C6-A5C9-4A4F8281CB8E}.Debug|x64.Build.0 = Debug|Any CPU
		{C2E29C8C-8F2C-45C6-A5C9-4A4F8281CB8E}.Debug|x86.ActiveCfg = Debug|Any CPU
		{C2E29C8C-8F2C-45C6-A5C9-4A4F8281CB8E}.Debug|x86.Build.0 = Debug|Any CPU
		{C2E29C8C-8F2C-45C6-A5C9-4A4F8281CB8E}.Release|Any CPU.ActiveCfg = Release|Any CPU
		{C2E29C8C-8F2C-45C6-A5C9-4A4F8281CB8E}.Release|Any CPU.Build.0 = Release|Any CPU
		{C2E29C8C-8F2C-45C6-A5C9-4A4F8281CB8E}.Release|ARM.ActiveCfg = Release|Any CPU
		{C2E29C8C-8F2C-45C6-A5C9-4A4F8281CB8E}.Release|ARM.Build.0 = Release|Any CPU
		{C2E29C8C-8F2C-45C6-A5C9-4A4F8281CB8E}.Release|iPhone.ActiveCfg = Release|Any CPU
		{C2E29C8C-8F2C-45C6-A5C9-4A4F8281CB8E}.Release|iPhone.Build.0 = Release|Any CPU
		{C2E29C8C-8F2C-45C6-A5C9-4A4F8281CB8E}.Release|iPhoneSimulator.ActiveCfg = Release|Any CPU
		{C2E29C8C-8F2C-45C6-A5C9-4A4F8281CB8E}.Release|iPhoneSimulator.Build.0 = Release|Any CPU
		{C2E29C8C-8F2C-45C6-A5C9-4A4F8281CB8E}.Release|x64.ActiveCfg = Release|Any CPU
		{C2E29C8C-8F2C-45C6-A5C9-4A4F8281CB8E}.Release|x64.Build.0 = Release|Any CPU
		{C2E29C8C-8F2C-45C6-A5C9-4A4F8281CB8E}.Release|x86.ActiveCfg = Release|Any CPU
		{C2E29C8C-8F2C-45C6-A5C9-4A4F8281CB8E}.Release|x86.Build.0 = Release|Any CPU
	EndGlobalSection
	GlobalSection(SolutionProperties) = preSolution
		HideSolutionNode = FALSE
	EndGlobalSection
	GlobalSection(NestedProjects) = preSolution
		{FD8A7290-C374-459F-919E-F5E8BDB5BF03} = {069A0D59-011F-4ED8-BC66-89A58F704424}
		{3835700B-921C-473E-AB7E-D3419D4027FD} = {069A0D59-011F-4ED8-BC66-89A58F704424}
		{140335C5-BF65-49A6-A5ED-653CB0C169C7} = {069A0D59-011F-4ED8-BC66-89A58F704424}
		{ADC1A5D1-44FB-4EE1-992E-3A6C483B367C} = {069A0D59-011F-4ED8-BC66-89A58F704424}
		{069A0D59-011F-4ED8-BC66-89A58F704424} = {490C69DA-67D3-4F8E-BC43-4BEBE8BB44C5}
		{798F85D0-ACB8-492D-8172-71BCDCE59EC6} = {490C69DA-67D3-4F8E-BC43-4BEBE8BB44C5}
		{54E11C50-E62D-422A-B316-CAC07860CBD7} = {490C69DA-67D3-4F8E-BC43-4BEBE8BB44C5}
		{BA6002A5-0172-4E1E-87B0-499CCE239DBF} = {54E11C50-E62D-422A-B316-CAC07860CBD7}
		{DD3E7801-8382-4641-AC0C-26CF21991742} = {54E11C50-E62D-422A-B316-CAC07860CBD7}
		{C2E29C8C-8F2C-45C6-A5C9-4A4F8281CB8E} = {54E11C50-E62D-422A-B316-CAC07860CBD7}
	EndGlobalSection
	GlobalSection(ExtensibilityGlobals) = postSolution
		SolutionGuid = {92B18AC6-239D-4DCF-9D26-DA3D66303BE3}
	EndGlobalSection
EndGlobal
